
Microsoft Visual Studio Solution File, Format Version 12.00
# Visual Studio Version 17
VisualStudioVersion = 17.0.31912.275
MinimumVisualStudioVersion = 10.0.40219.1
Project("{FAE04EC0-301F-11D3-BF4B-00C04F79EFBC}") = "ConsoleApp5", "ConsoleApp5.csproj", "{2E83FF86-C3D5-4AE0-AD27-7FEF57914093}"
EndProject
Global
	GlobalSection(SolutionConfigurationPlatforms) = preSolution
		Debug|Any CPU = Debug|Any CPU
		Release|Any CPU = Release|Any CPU
	EndGlobalSection
	GlobalSection(ProjectConfigurationPlatforms) = postSolution
		{2E83FF86-C3D5-4AE0-AD27-7FEF57914093}.Debug|Any CPU.ActiveCfg = Debug|Any CPU
		{2E83FF86-C3D5-4AE0-AD27-7FEF57914093}.Debug|Any CPU.Build.0 = Debug|Any CPU
		{2E83FF86-C3D5-4AE0-AD27-7FEF57914093}.Release|Any CPU.ActiveCfg = Release|Any CPU
		{2E83FF86-C3D5-4AE0-AD27-7FEF57914093}.Release|Any CPU.Build.0 = Release|Any CPU
	EndGlobalSection
	GlobalSection(SolutionProperties) = preSolution
		HideSolutionNode = FALSE
	EndGlobalSection
	GlobalSection(ExtensibilityGlobals) = postSolution
		SolutionGuid = {C60A59E5-6105-4135-AADF-561508A3DA75}
	EndGlobalSection
EndGlobal
